// !$*UTF8*$!
{
	archiveVersion = 1;
	classes = {
	};
	objectVersion = 50;
	objects = {

/* Begin PBXBuildFile section */
		1E750D0F23840A2F00103DEF /* AppDelegate.swift in Sources */ = {isa = PBXBuildFile; fileRef = 1E750D0E23840A2F00103DEF /* AppDelegate.swift */; };
		1E750D1123840A2F00103DEF /* ViewController.swift in Sources */ = {isa = PBXBuildFile; fileRef = 1E750D1023840A2F00103DEF /* ViewController.swift */; };
		1E750D1423840A2F00103DEF /* Main.storyboard in Resources */ = {isa = PBXBuildFile; fileRef = 1E750D1223840A2F00103DEF /* Main.storyboard */; };
		1E750D1723840A2F00103DEF /* Musica.xcdatamodeld in Sources */ = {isa = PBXBuildFile; fileRef = 1E750D1523840A2F00103DEF /* Musica.xcdatamodeld */; };
		1E750D1923840A3100103DEF /* Assets.xcassets in Resources */ = {isa = PBXBuildFile; fileRef = 1E750D1823840A3100103DEF /* Assets.xcassets */; };
		1E750D1C23840A3100103DEF /* LaunchScreen.storyboard in Resources */ = {isa = PBXBuildFile; fileRef = 1E750D1A23840A3100103DEF /* LaunchScreen.storyboard */; };
		1E750D2723840A3100103DEF /* MusicaTests.swift in Sources */ = {isa = PBXBuildFile; fileRef = 1E750D2623840A3100103DEF /* MusicaTests.swift */; };
/* End PBXBuildFile section */

/* Begin PBXContainerItemProxy section */
		1E750D2323840A3100103DEF /* PBXContainerItemProxy */ = {
			isa = PBXContainerItemProxy;
			containerPortal = 1E750D0323840A2F00103DEF /* Project object */;
			proxyType = 1;
			remoteGlobalIDString = 1E750D0A23840A2F00103DEF;
			remoteInfo = Musica;
		};
/* End PBXContainerItemProxy section */

/* Begin PBXFileReference section */
		1E750D0B23840A2F00103DEF /* Musica.app */ = {isa = PBXFileReference; explicitFileType = wrapper.application; includeInIndex = 0; path = Musica.app; sourceTree = BUILT_PRODUCTS_DIR; };
		1E750D0E23840A2F00103DEF /* AppDelegate.swift */ = {isa = PBXFileReference; lastKnownFileType = sourcecode.swift; path = AppDelegate.swift; sourceTree = "<group>"; };
		1E750D1023840A2F00103DEF /* ViewController.swift */ = {isa = PBXFileReference; lastKnownFileType = sourcecode.swift; path = ViewController.swift; sourceTree = "<group>"; };
		1E750D1323840A2F00103DEF /* Base */ = {isa = PBXFileReference; lastKnownFileType = file.storyboard; name = Base; path = Base.lproj/Main.storyboard; sourceTree = "<group>"; };
		1E750D1623840A2F00103DEF /* Musica.xcdatamodel */ = {isa = PBXFileReference; lastKnownFileType = wrapper.xcdatamodel; path = Musica.xcdatamodel; sourceTree = "<group>"; };
		1E750D1823840A3100103DEF /* Assets.xcassets */ = {isa = PBXFileReference; lastKnownFileType = folder.assetcatalog; path = Assets.xcassets; sourceTree = "<group>"; };
		1E750D1B23840A3100103DEF /* Base */ = {isa = PBXFileReference; lastKnownFileType = file.storyboard; name = Base; path = Base.lproj/LaunchScreen.storyboard; sourceTree = "<group>"; };
		1E750D1D23840A3100103DEF /* Info.plist */ = {isa = PBXFileReference; lastKnownFileType = text.plist.xml; path = Info.plist; sourceTree = "<group>"; };
		1E750D2223840A3100103DEF /* MusicaTests.xctest */ = {isa = PBXFileReference; explicitFileType = wrapper.cfbundle; includeInIndex = 0; path = MusicaTests.xctest; sourceTree = BUILT_PRODUCTS_DIR; };
		1E750D2623840A3100103DEF /* MusicaTests.swift */ = {isa = PBXFileReference; lastKnownFileType = sourcecode.swift; path = MusicaTests.swift; sourceTree = "<group>"; };
		1E750D2823840A3100103DEF /* Info.plist */ = {isa = PBXFileReference; lastKnownFileType = text.plist.xml; path = Info.plist; sourceTree = "<group>"; };
/* End PBXFileReference section */

/* Begin PBXFrameworksBuildPhase section */
		1E750D0823840A2F00103DEF /* Frameworks */ = {
			isa = PBXFrameworksBuildPhase;
			buildActionMask = 2147483647;
			files = (
			);
			runOnlyForDeploymentPostprocessing = 0;
		};
		1E750D1F23840A3100103DEF /* Frameworks */ = {
			isa = PBXFrameworksBuildPhase;
			buildActionMask = 2147483647;
			files = (
			);
			runOnlyForDeploymentPostprocessing = 0;
		};
/* End PBXFrameworksBuildPhase section */

/* Begin PBXGroup section */
		1E750D0223840A2F00103DEF = {
			isa = PBXGroup;
			children = (
				1E750D0D23840A2F00103DEF /* Musica */,
				1E750D2523840A3100103DEF /* MusicaTests */,
				1E750D0C23840A2F00103DEF /* Products */,
			);
			sourceTree = "<group>";
		};
		1E750D0C23840A2F00103DEF /* Products */ = {
			isa = PBXGroup;
			children = (
				1E750D0B23840A2F00103DEF /* Musica.app */,
				1E750D2223840A3100103DEF /* MusicaTests.xctest */,
			);
			name = Products;
			sourceTree = "<group>";
		};
		1E750D0D23840A2F00103DEF /* Musica */ = {
			isa = PBXGroup;
			children = (
				1E750D0E23840A2F00103DEF /* AppDelegate.swift */,
				1E750D1023840A2F00103DEF /* ViewController.swift */,
				1E750D1223840A2F00103DEF /* Main.storyboard */,
				1E750D1823840A3100103DEF /* Assets.xcassets */,
				1E750D1A23840A3100103DEF /* LaunchScreen.storyboard */,
				1E750D1D23840A3100103DEF /* Info.plist */,
				1E750D1523840A2F00103DEF /* Musica.xcdatamodeld */,
			);
			path = Musica;
			sourceTree = "<group>";
		};
		1E750D2523840A3100103DEF /* MusicaTests */ = {
			isa = PBXGroup;
			children = (
				1E750D2623840A3100103DEF /* MusicaTests.swift */,
				1E750D2823840A3100103DEF /* Info.plist */,
			);
			path = MusicaTests;
			sourceTree = "<group>";
		};
/* End PBXGroup section */

/* Begin PBXNativeTarget section */
		1E750D0A23840A2F00103DEF /* Musica */ = {
			isa = PBXNativeTarget;
			buildConfigurationList = 1E750D2B23840A3100103DEF /* Build configuration list for PBXNativeTarget "Musica" */;
			buildPhases = (
				1E750D0723840A2F00103DEF /* Sources */,
				1E750D0823840A2F00103DEF /* Frameworks */,
				1E750D0923840A2F00103DEF /* Resources */,
			);
			buildRules = (
			);
			dependencies = (
			);
			name = Musica;
			productName = Musica;
			productReference = 1E750D0B23840A2F00103DEF /* Musica.app */;
			productType = "com.apple.product-type.application";
		};
		1E750D2123840A3100103DEF /* MusicaTests */ = {
			isa = PBXNativeTarget;
			buildConfigurationList = 1E750D2E23840A3100103DEF /* Build configuration list for PBXNativeTarget "MusicaTests" */;
			buildPhases = (
				1E750D1E23840A3100103DEF /* Sources */,
				1E750D1F23840A3100103DEF /* Frameworks */,
				1E750D2023840A3100103DEF /* Resources */,
			);
			buildRules = (
			);
			dependencies = (
				1E750D2423840A3100103DEF /* PBXTargetDependency */,
			);
			name = MusicaTests;
			productName = MusicaTests;
			productReference = 1E750D2223840A3100103DEF /* MusicaTests.xctest */;
			productType = "com.apple.product-type.bundle.unit-test";
		};
/* End PBXNativeTarget section */

/* Begin PBXProject section */
		1E750D0323840A2F00103DEF /* Project object */ = {
			isa = PBXProject;
			attributes = {
				LastSwiftUpdateCheck = 1020;
				LastUpgradeCheck = 1020;
				ORGANIZATIONNAME = "Bouziane Bey";
				TargetAttributes = {
					1E750D0A23840A2F00103DEF = {
						CreatedOnToolsVersion = 10.2.1;
					};
					1E750D2123840A3100103DEF = {
						CreatedOnToolsVersion = 10.2.1;
						TestTargetID = 1E750D0A23840A2F00103DEF;
					};
				};
			};
			buildConfigurationList = 1E750D0623840A2F00103DEF /* Build configuration list for PBXProject "Musica" */;
			compatibilityVersion = "Xcode 9.3";
			developmentRegion = en;
			hasScannedForEncodings = 0;
			knownRegions = (
				en,
				Base,
			);
			mainGroup = 1E750D0223840A2F00103DEF;
			productRefGroup = 1E750D0C23840A2F00103DEF /* Products */;
			projectDirPath = "";
			projectRoot = "";
			targets = (
				1E750D0A23840A2F00103DEF /* Musica */,
				1E750D2123840A3100103DEF /* MusicaTests */,
			);
		};
/* End PBXProject section */

/* Begin PBXResourcesBuildPhase section */
		1E750D0923840A2F00103DEF /* Resources */ = {
			isa = PBXResourcesBuildPhase;
			buildActionMask = 2147483647;
			files = (
				1E750D1C23840A3100103DEF /* LaunchScreen.storyboard in Resources */,
				1E750D1923840A3100103DEF /* Assets.xcassets in Resources */,
				1E750D1423840A2F00103DEF /* Main.storyboard in Resources */,
			);
			runOnlyForDeploymentPostprocessing = 0;
		};
		1E750D2023840A3100103DEF /* Resources */ = {
			isa = PBXResourcesBuildPhase;
			buildActionMask = 2147483647;
			files = (
			);
			runOnlyForDeploymentPostprocessing = 0;
		};
/* End PBXResourcesBuildPhase section */

/* Begin PBXSourcesBuildPhase section */
		1E750D0723840A2F00103DEF /* Sources */ = {
			isa = PBXSourcesBuildPhase;
			buildActionMask = 2147483647;
			files = (
				1E750D1123840A2F00103DEF /* ViewController.swift in Sources */,
				1E750D1723840A2F00103DEF /* Musica.xcdatamodeld in Sources */,
				1E750D0F23840A2F00103DEF /* AppDelegate.swift in Sources */,
			);
			runOnlyForDeploymentPostprocessing = 0;
		};
		1E750D1E23840A3100103DEF /* Sources */ = {
			isa = PBXSourcesBuildPhase;
			buildActionMask = 2147483647;
			files = (
				1E750D2723840A3100103DEF /* MusicaTests.swift in Sources */,
			);
			runOnlyForDeploymentPostprocessing = 0;
		};
/* End PBXSourcesBuildPhase section */

/* Begin PBXTargetDependency section */
		1E750D2423840A3100103DEF /* PBXTargetDependency */ = {
			isa = PBXTargetDependency;
			target = 1E750D0A23840A2F00103DEF /* Musica */;
			targetProxy = 1E750D2323840A3100103DEF /* PBXContainerItemProxy */;
		};
/* End PBXTargetDependency section */

/* Begin PBXVariantGroup section */
		1E750D1223840A2F00103DEF /* Main.storyboard */ = {
			isa = PBXVariantGroup;
			children = (
				1E750D1323840A2F00103DEF /* Base */,
			);
			name = Main.storyboard;
			sourceTree = "<group>";
		};
		1E750D1A23840A3100103DEF /* LaunchScreen.storyboard */ = {
			isa = PBXVariantGroup;
			children = (
				1E750D1B23840A3100103DEF /* Base */,
			);
			name = LaunchScreen.storyboard;
			sourceTree = "<group>";
		};
/* End PBXVariantGroup section */

/* Begin XCBuildConfiguration section */
		1E750D2923840A3100103DEF /* Debug */ = {
			isa = XCBuildConfiguration;
			buildSettings = {
				ALWAYS_SEARCH_USER_PATHS = NO;
				CLANG_ANALYZER_NONNULL = YES;
				CLANG_ANALYZER_NUMBER_OBJECT_CONVERSION = YES_AGGRESSIVE;
				CLANG_CXX_LANGUAGE_STANDARD = "gnu++14";
				CLANG_CXX_LIBRARY = "libc++";
				CLANG_ENABLE_MODULES = YES;
				CLANG_ENABLE_OBJC_ARC = YES;
				CLANG_ENABLE_OBJC_WEAK = YES;
				CLANG_WARN_BLOCK_CAPTURE_AUTORELEASING = YES;
				CLANG_WARN_BOOL_CONVERSION = YES;
				CLANG_WARN_COMMA = YES;
				CLANG_WARN_CONSTANT_CONVERSION = YES;
				CLANG_WARN_DEPRECATED_OBJC_IMPLEMENTATIONS = YES;
				CLANG_WARN_DIRECT_OBJC_ISA_USAGE = YES_ERROR;
				CLANG_WARN_DOCUMENTATION_COMMENTS = YES;
				CLANG_WARN_EMPTY_BODY = YES;
				CLANG_WARN_ENUM_CONVERSION = YES;
				CLANG_WARN_INFINITE_RECURSION = YES;
				CLANG_WARN_INT_CONVERSION = YES;
				CLANG_WARN_NON_LITERAL_NULL_CONVERSION = YES;
				CLANG_WARN_OBJC_IMPLICIT_RETAIN_SELF = YES;
				CLANG_WARN_OBJC_LITERAL_CONVERSION = YES;
				CLANG_WARN_OBJC_ROOT_CLASS = YES_ERROR;
				CLANG_WARN_RANGE_LOOP_ANALYSIS = YES;
				CLANG_WARN_STRICT_PROTOTYPES = YES;
				CLANG_WARN_SUSPICIOUS_MOVE = YES;
				CLANG_WARN_UNGUARDED_AVAILABILITY = YES_AGGRESSIVE;
				CLANG_WARN_UNREACHABLE_CODE = YES;
				CLANG_WARN__DUPLICATE_METHOD_MATCH = YES;
				CODE_SIGN_IDENTITY = "iPhone Developer";
				COPY_PHASE_STRIP = NO;
				DEBUG_INFORMATION_FORMAT = dwarf;
				ENABLE_STRICT_OBJC_MSGSEND = YES;
				ENABLE_TESTABILITY = YES;
				GCC_C_LANGUAGE_STANDARD = gnu11;
				GCC_DYNAMIC_NO_PIC = NO;
				GCC_NO_COMMON_BLOCKS = YES;
				GCC_OPTIMIZATION_LEVEL = 0;
				GCC_PREPROCESSOR_DEFINITIONS = (
					"DEBUG=1",
					"$(inherited)",
				);
				GCC_WARN_64_TO_32_BIT_CONVERSION = YES;
				GCC_WARN_ABOUT_RETURN_TYPE = YES_ERROR;
				GCC_WARN_UNDECLARED_SELECTOR = YES;
				GCC_WARN_UNINITIALIZED_AUTOS = YES_AGGRESSIVE;
				GCC_WARN_UNUSED_FUNCTION = YES;
				GCC_WARN_UNUSED_VARIABLE = YES;
				IPHONEOS_DEPLOYMENT_TARGET = 12.2;
				MTL_ENABLE_DEBUG_INFO = INCLUDE_SOURCE;
				MTL_FAST_MATH = YES;
				ONLY_ACTIVE_ARCH = YES;
				SDKROOT = iphoneos;
				SWIFT_ACTIVE_COMPILATION_CONDITIONS = DEBUG;
				SWIFT_OPTIMIZATION_LEVEL = "-Onone";
			};
			name = Debug;
		};
		1E750D2A23840A3100103DEF /* Release */ = {
			isa = XCBuildConfiguration;
			buildSettings = {
				ALWAYS_SEARCH_USER_PATHS = NO;
				CLANG_ANALYZER_NONNULL = YES;
				CLANG_ANALYZER_NUMBER_OBJECT_CONVERSION = YES_AGGRESSIVE;
				CLANG_CXX_LANGUAGE_STANDARD = "gnu++14";
				CLANG_CXX_LIBRARY = "libc++";
				CLANG_ENABLE_MODULES = YES;
				CLANG_ENABLE_OBJC_ARC = YES;
				CLANG_ENABLE_OBJC_WEAK = YES;
				CLANG_WARN_BLOCK_CAPTURE_AUTORELEASING = YES;
				CLANG_WARN_BOOL_CONVERSION = YES;
				CLANG_WARN_COMMA = YES;
				CLANG_WARN_CONSTANT_CONVERSION = YES;
				CLANG_WARN_DEPRECATED_OBJC_IMPLEMENTATIONS = YES;
				CLANG_WARN_DIRECT_OBJC_ISA_USAGE = YES_ERROR;
				CLANG_WARN_DOCUMENTATION_COMMENTS = YES;
				CLANG_WARN_EMPTY_BODY = YES;
				CLANG_WARN_ENUM_CONVERSION = YES;
				CLANG_WARN_INFINITE_RECURSION = YES;
				CLANG_WARN_INT_CONVERSION = YES;
				CLANG_WARN_NON_LITERAL_NULL_CONVERSION = YES;
				CLANG_WARN_OBJC_IMPLICIT_RETAIN_SELF = YES;
				CLANG_WARN_OBJC_LITERAL_CONVERSION = YES;
				CLANG_WARN_OBJC_ROOT_CLASS = YES_ERROR;
				CLANG_WARN_RANGE_LOOP_ANALYSIS = YES;
				CLANG_WARN_STRICT_PROTOTYPES = YES;
				CLANG_WARN_SUSPICIOUS_MOVE = YES;
				CLANG_WARN_UNGUARDED_AVAILABILITY = YES_AGGRESSIVE;
				CLANG_WARN_UNREACHABLE_CODE = YES;
				CLANG_WARN__DUPLICATE_METHOD_MATCH = YES;
				CODE_SIGN_IDENTITY = "iPhone Developer";
				COPY_PHASE_STRIP = NO;
				DEBUG_INFORMATION_FORMAT = "dwarf-with-dsym";
				ENABLE_NS_ASSERTIONS = NO;
				ENABLE_STRICT_OBJC_MSGSEND = YES;
				GCC_C_LANGUAGE_STANDARD = gnu11;
				GCC_NO_COMMON_BLOCKS = YES;
				GCC_WARN_64_TO_32_BIT_CONVERSION = YES;
				GCC_WARN_ABOUT_RETURN_TYPE = YES_ERROR;
				GCC_WARN_UNDECLARED_SELECTOR = YES;
				GCC_WARN_UNINITIALIZED_AUTOS = YES_AGGRESSIVE;
				GCC_WARN_UNUSED_FUNCTION = YES;
				GCC_WARN_UNUSED_VARIABLE = YES;
				IPHONEOS_DEPLOYMENT_TARGET = 12.2;
				MTL_ENABLE_DEBUG_INFO = NO;
				MTL_FAST_MATH = YES;
				SDKROOT = iphoneos;
				SWIFT_COMPILATION_MODE = wholemodule;
				SWIFT_OPTIMIZATION_LEVEL = "-O";
				VALIDATE_PRODUCT = YES;
			};
			name = Release;
		};
		1E750D2C23840A3100103DEF /* Debug */ = {
			isa = XCBuildConfiguration;
			buildSettings = {
				ASSETCATALOG_COMPILER_APPICON_NAME = AppIcon;
				CODE_SIGN_STYLE = Automatic;
				DEVELOPMENT_TEAM = A3RAQWYND3;
				INFOPLIST_FILE = Musica/Info.plist;
				LD_RUNPATH_SEARCH_PATHS = (
					"$(inherited)",
					"@executable_path/Frameworks",
				);
				PRODUCT_BUNDLE_IDENTIFIER = BouzianeBey.Musica;
				PRODUCT_NAME = "$(TARGET_NAME)";
				SWIFT_VERSION = 5.0;
				TARGETED_DEVICE_FAMILY = "1,2";
			};
			name = Debug;
		};
		1E750D2D23840A3100103DEF /* Release */ = {
			isa = XCBuildConfiguration;
			buildSettings = {
				ASSETCATALOG_COMPILER_APPICON_NAME = AppIcon;
				CODE_SIGN_STYLE = Automatic;
				DEVELOPMENT_TEAM = A3RAQWYND3;
				INFOPLIST_FILE = Musica/Info.plist;
				LD_RUNPATH_SEARCH_PATHS = (
					"$(inherited)",
					"@executable_path/Frameworks",
				);
				PRODUCT_BUNDLE_IDENTIFIER = BouzianeBey.Musica;
				PRODUCT_NAME = "$(TARGET_NAME)";
				SWIFT_VERSION = 5.0;
				TARGETED_DEVICE_FAMILY = "1,2";
			};
			name = Release;
		};
		1E750D2F23840A3100103DEF /* Debug */ = {
			isa = XCBuildConfiguration;
			buildSettings = {
				ALWAYS_EMBED_SWIFT_STANDARD_LIBRARIES = YES;
				BUNDLE_LOADER = "$(TEST_HOST)";
				CODE_SIGN_STYLE = Automatic;
				DEVELOPMENT_TEAM = A3RAQWYND3;
				INFOPLIST_FILE = MusicaTests/Info.plist;
				LD_RUNPATH_SEARCH_PATHS = (
					"$(inherited)",
					"@executable_path/Frameworks",
					"@loader_path/Frameworks",
				);
				PRODUCT_BUNDLE_IDENTIFIER = BouzianeBey.MusicaTests;
				PRODUCT_NAME = "$(TARGET_NAME)";
				SWIFT_VERSION = 5.0;
				TARGETED_DEVICE_FAMILY = "1,2";
				TEST_HOST = "$(BUILT_PRODUCTS_DIR)/Musica.app/Musica";
			};
			name = Debug;
		};
		1E750D3023840A3100103DEF /* Release */ = {
			isa = XCBuildConfiguration;
			buildSettings = {
				ALWAYS_EMBED_SWIFT_STANDARD_LIBRARIES = YES;
				BUNDLE_LOADER = "$(TEST_HOST)";
				CODE_SIGN_STYLE = Automatic;
				DEVELOPMENT_TEAM = A3RAQWYND3;
				INFOPLIST_FILE = MusicaTests/Info.plist;
				LD_RUNPATH_SEARCH_PATHS = (
					"$(inherited)",
					"@executable_path/Frameworks",
					"@loader_path/Frameworks",
				);
				PRODUCT_BUNDLE_IDENTIFIER = BouzianeBey.MusicaTests;
				PRODUCT_NAME = "$(TARGET_NAME)";
				SWIFT_VERSION = 5.0;
				TARGETED_DEVICE_FAMILY = "1,2";
				TEST_HOST = "$(BUILT_PRODUCTS_DIR)/Musica.app/Musica";
			};
			name = Release;
		};
/* End XCBuildConfiguration section */

/* Begin XCConfigurationList section */
		1E750D0623840A2F00103DEF /* Build configuration list for PBXProject "Musica" */ = {
			isa = XCConfigurationList;
			buildConfigurations = (
				1E750D2923840A3100103DEF /* Debug */,
				1E750D2A23840A3100103DEF /* Release */,
			);
			defaultConfigurationIsVisible = 0;
			defaultConfigurationName = Release;
		};
		1E750D2B23840A3100103DEF /* Build configuration list for PBXNativeTarget "Musica" */ = {
			isa = XCConfigurationList;
			buildConfigurations = (
				1E750D2C23840A3100103DEF /* Debug */,
				1E750D2D23840A3100103DEF /* Release */,
			);
			defaultConfigurationIsVisible = 0;
			defaultConfigurationName = Release;
		};
		1E750D2E23840A3100103DEF /* Build configuration list for PBXNativeTarget "MusicaTests" */ = {
			isa = XCConfigurationList;
			buildConfigurations = (
				1E750D2F23840A3100103DEF /* Debug */,
				1E750D3023840A3100103DEF /* Release */,
			);
			defaultConfigurationIsVisible = 0;
			defaultConfigurationName = Release;
		};
/* End XCConfigurationList section */

/* Begin XCVersionGroup section */
		1E750D1523840A2F00103DEF /* Musica.xcdatamodeld */ = {
			isa = XCVersionGroup;
			children = (
				1E750D1623840A2F00103DEF /* Musica.xcdatamodel */,
			);
			currentVersion = 1E750D1623840A2F00103DEF /* Musica.xcdatamodel */;
			path = Musica.xcdatamodeld;
			sourceTree = "<group>";
			versionGroupType = wrapper.xcdatamodel;
		};
/* End XCVersionGroup section */
	};
	rootObject = 1E750D0323840A2F00103DEF /* Project object */;
}
